
Microsoft Visual Studio Solution File, Format Version 12.00
# Visual Studio 14
VisualStudioVersion = 14.0.25420.1
MinimumVisualStudioVersion = 10.0.40219.1
Project("{FAE04EC0-301F-11D3-BF4B-00C04F79EFBC}") = "MyBlogProject", "MyBlogProject\MyBlogProject.csproj", "{B297B064-692C-43BC-AC57-984964A0728A}"
EndProject
Project("{2150E333-8FDC-42A3-9474-1A3956D46DE8}") = "Infastructur", "Infastructur", "{4BCDC6F1-29F1-4BEA-9B90-C26BD4D078AB}"
EndProject
Project("{FAE04EC0-301F-11D3-BF4B-00C04F79EFBC}") = "MyBlogProject.Dal", "MyBlogProject.Dal\MyBlogProject.Dal.csproj", "{B5B6DCE0-4084-482C-B84F-6BC305057686}"
EndProject
Project("{FAE04EC0-301F-11D3-BF4B-00C04F79EFBC}") = "MyBlogProject.Entity", "MyBlogProject.Entity\MyBlogProject.Entity.csproj", "{774A8B13-92C2-4850-95AE-DF993576C455}"
EndProject
Project("{FAE04EC0-301F-11D3-BF4B-00C04F79EFBC}") = "CCC", "CCC\CCC.csproj", "{9CC894B5-1A24-481F-970F-C3B28C86D4A5}"
EndProject
Project("{2150E333-8FDC-42A3-9474-1A3956D46DE8}") = "Business", "Business", "{A7856FB7-6BBC-4236-9FA4-219BB335B014}"
EndProject
Project("{FAE04EC0-301F-11D3-BF4B-00C04F79EFBC}") = "MyBlogProject.Business", "MyBlogProject.Business\MyBlogProject.Business.csproj", "{D13AC521-C803-48A6-8772-6248CDDC4E61}"
EndProject
Global
	GlobalSection(SolutionConfigurationPlatforms) = preSolution
		Debug|Any CPU = Debug|Any CPU
		Release|Any CPU = Release|Any CPU
	EndGlobalSection
	GlobalSection(ProjectConfigurationPlatforms) = postSolution
		{B297B064-692C-43BC-AC57-984964A0728A}.Debug|Any CPU.ActiveCfg = Debug|Any CPU
		{B297B064-692C-43BC-AC57-984964A0728A}.Debug|Any CPU.Build.0 = Debug|Any CPU
		{B297B064-692C-43BC-AC57-984964A0728A}.Release|Any CPU.ActiveCfg = Release|Any CPU
		{B297B064-692C-43BC-AC57-984964A0728A}.Release|Any CPU.Build.0 = Release|Any CPU
		{B5B6DCE0-4084-482C-B84F-6BC305057686}.Debug|Any CPU.ActiveCfg = Debug|Any CPU
		{B5B6DCE0-4084-482C-B84F-6BC305057686}.Debug|Any CPU.Build.0 = Debug|Any CPU
		{B5B6DCE0-4084-482C-B84F-6BC305057686}.Release|Any CPU.ActiveCfg = Release|Any CPU
		{B5B6DCE0-4084-482C-B84F-6BC305057686}.Release|Any CPU.Build.0 = Release|Any CPU
		{774A8B13-92C2-4850-95AE-DF993576C455}.Debug|Any CPU.ActiveCfg = Debug|Any CPU
		{774A8B13-92C2-4850-95AE-DF993576C455}.Debug|Any CPU.Build.0 = Debug|Any CPU
		{774A8B13-92C2-4850-95AE-DF993576C455}.Release|Any CPU.ActiveCfg = Release|Any CPU
		{774A8B13-92C2-4850-95AE-DF993576C455}.Release|Any CPU.Build.0 = Release|Any CPU
		{9CC894B5-1A24-481F-970F-C3B28C86D4A5}.Debug|Any CPU.ActiveCfg = Debug|Any CPU
		{9CC894B5-1A24-481F-970F-C3B28C86D4A5}.Debug|Any CPU.Build.0 = Debug|Any CPU
		{9CC894B5-1A24-481F-970F-C3B28C86D4A5}.Release|Any CPU.ActiveCfg = Release|Any CPU
		{9CC894B5-1A24-481F-970F-C3B28C86D4A5}.Release|Any CPU.Build.0 = Release|Any CPU
		{D13AC521-C803-48A6-8772-6248CDDC4E61}.Debug|Any CPU.ActiveCfg = Debug|Any CPU
		{D13AC521-C803-48A6-8772-6248CDDC4E61}.Debug|Any CPU.Build.0 = Debug|Any CPU
		{D13AC521-C803-48A6-8772-6248CDDC4E61}.Release|Any CPU.ActiveCfg = Release|Any CPU
		{D13AC521-C803-48A6-8772-6248CDDC4E61}.Release|Any CPU.Build.0 = Release|Any CPU
	EndGlobalSection
	GlobalSection(SolutionProperties) = preSolution
		HideSolutionNode = FALSE
	EndGlobalSection
	GlobalSection(NestedProjects) = preSolution
		{B5B6DCE0-4084-482C-B84F-6BC305057686} = {4BCDC6F1-29F1-4BEA-9B90-C26BD4D078AB}
		{774A8B13-92C2-4850-95AE-DF993576C455} = {4BCDC6F1-29F1-4BEA-9B90-C26BD4D078AB}
		{9CC894B5-1A24-481F-970F-C3B28C86D4A5} = {4BCDC6F1-29F1-4BEA-9B90-C26BD4D078AB}
		{D13AC521-C803-48A6-8772-6248CDDC4E61} = {A7856FB7-6BBC-4236-9FA4-219BB335B014}
	EndGlobalSection
EndGlobal
